
Microsoft Visual Studio Solution File, Format Version 10.00
# Visual Studio 2008
Project("{FAE04EC0-301F-11D3-BF4B-00C04F79EFBC}") = "CQJSSmart", "CQJSSmart\CQJSSmart.csproj", "{37623289-45F5-400A-8034-1CADA7DB9E2A}"
EndProject
Global
	GlobalSection(SolutionConfigurationPlatforms) = preSolution
		Debug|Any CPU = Debug|Any CPU
		Release|Any CPU = Release|Any CPU
	EndGlobalSection
	GlobalSection(ProjectConfigurationPlatforms) = postSolution
		{37623289-45F5-400A-8034-1CADA7DB9E2A}.Debug|Any CPU.ActiveCfg = Debug|Any CPU
		{37623289-45F5-400A-8034-1CADA7DB9E2A}.Debug|Any CPU.Build.0 = Debug|Any CPU
		{37623289-45F5-400A-8034-1CADA7DB9E2A}.Release|Any CPU.ActiveCfg = Release|Any CPU
		{37623289-45F5-400A-8034-1CADA7DB9E2A}.Release|Any CPU.Build.0 = Release|Any CPU
	EndGlobalSection
	GlobalSection(SolutionProperties) = preSolution
		HideSolutionNode = FALSE
	EndGlobalSection
EndGlobal
